// !$*UTF8*$!
{
	archiveVersion = 1;
	classes = {
	};
	objectVersion = 51;
	objects = {

/* Begin PBXBuildFile section */
		0FE1A03E1145355A1C2E297F /* Pods_Airtickets.framework in Frameworks */ = {isa = PBXBuildFile; fileRef = 8417A5A4EDDB1EF20AE0098B /* Pods_Airtickets.framework */; };
		500C72D7249F34E000E47944 /* TabBarController.m in Sources */ = {isa = PBXBuildFile; fileRef = 500C72D6249F34E000E47944 /* TabBarController.m */; };
		500C72DA249F5F5D00E47944 /* UserSession.m in Sources */ = {isa = PBXBuildFile; fileRef = 500C72D9249F5F5D00E47944 /* UserSession.m */; };
		5030C6CB24A09B0000D6B3E4 /* ViewController.m in Sources */ = {isa = PBXBuildFile; fileRef = 5030C6CA24A09B0000D6B3E4 /* ViewController.m */; };
		5041E9092495073E009B9C09 /* LocationService.m in Sources */ = {isa = PBXBuildFile; fileRef = 5041E9072495073E009B9C09 /* LocationService.m */; };
		5041E90F24960800009B9C09 /* AirportCalloutView.m in Sources */ = {isa = PBXBuildFile; fileRef = 5041E90E24960800009B9C09 /* AirportCalloutView.m */; };
		5065C7A324714D1200BC7841 /* AppDelegate.m in Sources */ = {isa = PBXBuildFile; fileRef = 5065C7A224714D1200BC7841 /* AppDelegate.m */; };
		5065C7A624714D1200BC7841 /* SceneDelegate.m in Sources */ = {isa = PBXBuildFile; fileRef = 5065C7A524714D1200BC7841 /* SceneDelegate.m */; };
		5065C7A924714D1200BC7841 /* MainMenuController.m in Sources */ = {isa = PBXBuildFile; fileRef = 5065C7A824714D1200BC7841 /* MainMenuController.m */; };
		5065C7AE24714D1300BC7841 /* Assets.xcassets in Resources */ = {isa = PBXBuildFile; fileRef = 5065C7AD24714D1300BC7841 /* Assets.xcassets */; };
		5065C7B124714D1300BC7841 /* LaunchScreen.storyboard in Resources */ = {isa = PBXBuildFile; fileRef = 5065C7AF24714D1300BC7841 /* LaunchScreen.storyboard */; };
		5065C7B424714D1300BC7841 /* main.m in Sources */ = {isa = PBXBuildFile; fileRef = 5065C7B324714D1300BC7841 /* main.m */; };
		5065C7BE24714EA000BC7841 /* countries.json in Resources */ = {isa = PBXBuildFile; fileRef = 5065C7BB24714E9F00BC7841 /* countries.json */; };
		5065C7BF24714EA000BC7841 /* airports.json in Resources */ = {isa = PBXBuildFile; fileRef = 5065C7BC24714E9F00BC7841 /* airports.json */; };
		5065C7C024714EA000BC7841 /* cities.json in Resources */ = {isa = PBXBuildFile; fileRef = 5065C7BD24714EA000BC7841 /* cities.json */; };
		5065C7C424714F0800BC7841 /* MRAirport.m in Sources */ = {isa = PBXBuildFile; fileRef = 5065C7C324714F0800BC7841 /* MRAirport.m */; };
		5065C7C724714F2300BC7841 /* MRCountry.m in Sources */ = {isa = PBXBuildFile; fileRef = 5065C7C624714F2300BC7841 /* MRCountry.m */; };
		5065C7CA24714F3600BC7841 /* MRCity.m in Sources */ = {isa = PBXBuildFile; fileRef = 5065C7C924714F3600BC7841 /* MRCity.m */; };
		5065C7CD2471535C00BC7841 /* DataManager.m in Sources */ = {isa = PBXBuildFile; fileRef = 5065C7CC2471535C00BC7841 /* DataManager.m */; };
		5065C7D324715B3B00BC7841 /* MRCountriesController.m in Sources */ = {isa = PBXBuildFile; fileRef = 5065C7D224715B3B00BC7841 /* MRCountriesController.m */; };
		5065C7D62471609700BC7841 /* MRCitiesController.m in Sources */ = {isa = PBXBuildFile; fileRef = 5065C7D52471609700BC7841 /* MRCitiesController.m */; };
		506F6C9D24B1F3A100F6E59E /* TransitionAnimator.m in Sources */ = {isa = PBXBuildFile; fileRef = 506F6C9C24B1F3A100F6E59E /* TransitionAnimator.m */; };
		506F6CC524B33B9800F6E59E /* NotificationDelegate.m in Sources */ = {isa = PBXBuildFile; fileRef = 506F6CC424B33B9800F6E59E /* NotificationDelegate.m */; };
		5079354E24A8D60900698CA6 /* AirportsController.m in Sources */ = {isa = PBXBuildFile; fileRef = 5079354D24A8D60900698CA6 /* AirportsController.m */; };
		5079354F24A9839400698CA6 /* Airtickets.xcdatamodeld in Sources */ = {isa = PBXBuildFile; fileRef = 5035B1B124A85930001117FC /* Airtickets.xcdatamodeld */; };
		50BC2EEB24A8677B00D23301 /* CoreDataController.m in Sources */ = {isa = PBXBuildFile; fileRef = 50BC2EEA24A8677B00D23301 /* CoreDataController.m */; };
		50BC2F0624A87CF500D23301 /* CoreData.framework in Frameworks */ = {isa = PBXBuildFile; fileRef = 50BC2F0524A87CF500D23301 /* CoreData.framework */; };
		50BC2F3C24A8A38400D23301 /* CountriesController.m in Sources */ = {isa = PBXBuildFile; fileRef = 50BC2F3B24A8A38400D23301 /* CountriesController.m */; };
		50BC2F3F24A8CA0400D23301 /* CitiesController.m in Sources */ = {isa = PBXBuildFile; fileRef = 50BC2F3E24A8CA0400D23301 /* CitiesController.m */; };
		50C6A1CB2496490E00077691 /* AirportAnnotationView.m in Sources */ = {isa = PBXBuildFile; fileRef = 50C6A1CA2496490E00077691 /* AirportAnnotationView.m */; };
		50CBA76D2471A1EC003FDD90 /* MRAirportsController.m in Sources */ = {isa = PBXBuildFile; fileRef = 50CBA76C2471A1EC003FDD90 /* MRAirportsController.m */; };
		50FF26412491DC47007D6F6E /* MapController.m in Sources */ = {isa = PBXBuildFile; fileRef = 50FF26402491DC47007D6F6E /* MapController.m */; };
		50FF26452497512E007D6F6E /* ResultsCaretaker.m in Sources */ = {isa = PBXBuildFile; fileRef = 50FF26442497512E007D6F6E /* ResultsCaretaker.m */; };
		50FFCDD624BAF3FC00AB6451 /* Localizable.strings in Resources */ = {isa = PBXBuildFile; fileRef = 50FFCDD824BAF3FC00AB6451 /* Localizable.strings */; };
		50FFCDE424BB1D5600AB6451 /* backup.sqlite in Resources */ = {isa = PBXBuildFile; fileRef = 50FFCDE124BB1D5600AB6451 /* backup.sqlite */; };
		50FFCDE524BB1D5600AB6451 /* backup.sqlite-wal in Resources */ = {isa = PBXBuildFile; fileRef = 50FFCDE224BB1D5600AB6451 /* backup.sqlite-wal */; };
		50FFCDE624BB1D5600AB6451 /* backup.sqlite-shm in Resources */ = {isa = PBXBuildFile; fileRef = 50FFCDE324BB1D5600AB6451 /* backup.sqlite-shm */; };
/* End PBXBuildFile section */

/* Begin PBXFileReference section */
		500C72D5249F34E000E47944 /* TabBarController.h */ = {isa = PBXFileReference; lastKnownFileType = sourcecode.c.h; path = TabBarController.h; sourceTree = "<group>"; };
		500C72D6249F34E000E47944 /* TabBarController.m */ = {isa = PBXFileReference; lastKnownFileType = sourcecode.c.objc; path = TabBarController.m; sourceTree = "<group>"; };
		500C72D8249F5F5D00E47944 /* UserSession.h */ = {isa = PBXFileReference; lastKnownFileType = sourcecode.c.h; path = UserSession.h; sourceTree = "<group>"; };
		500C72D9249F5F5D00E47944 /* UserSession.m */ = {isa = PBXFileReference; lastKnownFileType = sourcecode.c.objc; path = UserSession.m; sourceTree = "<group>"; };
		5030C6C924A09B0000D6B3E4 /* ViewController.h */ = {isa = PBXFileReference; lastKnownFileType = sourcecode.c.h; path = ViewController.h; sourceTree = "<group>"; };
		5030C6CA24A09B0000D6B3E4 /* ViewController.m */ = {isa = PBXFileReference; lastKnownFileType = sourcecode.c.objc; path = ViewController.m; sourceTree = "<group>"; };
		5035B1B224A85930001117FC /* Airtickets.xcdatamodel */ = {isa = PBXFileReference; lastKnownFileType = wrapper.xcdatamodel; path = Airtickets.xcdatamodel; sourceTree = "<group>"; };
		5041E9072495073E009B9C09 /* LocationService.m */ = {isa = PBXFileReference; fileEncoding = 4; lastKnownFileType = sourcecode.c.objc; path = LocationService.m; sourceTree = "<group>"; };
		5041E9082495073E009B9C09 /* LocationService.h */ = {isa = PBXFileReference; fileEncoding = 4; lastKnownFileType = sourcecode.c.h; path = LocationService.h; sourceTree = "<group>"; };
		5041E90D24960800009B9C09 /* AirportCalloutView.h */ = {isa = PBXFileReference; lastKnownFileType = sourcecode.c.h; path = AirportCalloutView.h; sourceTree = "<group>"; };
		5041E90E24960800009B9C09 /* AirportCalloutView.m */ = {isa = PBXFileReference; lastKnownFileType = sourcecode.c.objc; path = AirportCalloutView.m; sourceTree = "<group>"; };
		5065C79E24714D1200BC7841 /* Airtickets.app */ = {isa = PBXFileReference; explicitFileType = wrapper.application; includeInIndex = 0; path = Airtickets.app; sourceTree = BUILT_PRODUCTS_DIR; };
		5065C7A124714D1200BC7841 /* AppDelegate.h */ = {isa = PBXFileReference; lastKnownFileType = sourcecode.c.h; path = AppDelegate.h; sourceTree = "<group>"; };
		5065C7A224714D1200BC7841 /* AppDelegate.m */ = {isa = PBXFileReference; lastKnownFileType = sourcecode.c.objc; path = AppDelegate.m; sourceTree = "<group>"; };
		5065C7A424714D1200BC7841 /* SceneDelegate.h */ = {isa = PBXFileReference; lastKnownFileType = sourcecode.c.h; path = SceneDelegate.h; sourceTree = "<group>"; };
		5065C7A524714D1200BC7841 /* SceneDelegate.m */ = {isa = PBXFileReference; lastKnownFileType = sourcecode.c.objc; path = SceneDelegate.m; sourceTree = "<group>"; };
		5065C7A724714D1200BC7841 /* MainMenuController.h */ = {isa = PBXFileReference; lastKnownFileType = sourcecode.c.h; path = MainMenuController.h; sourceTree = "<group>"; };
		5065C7A824714D1200BC7841 /* MainMenuController.m */ = {isa = PBXFileReference; lastKnownFileType = sourcecode.c.objc; path = MainMenuController.m; sourceTree = "<group>"; };
		5065C7AD24714D1300BC7841 /* Assets.xcassets */ = {isa = PBXFileReference; lastKnownFileType = folder.assetcatalog; path = Assets.xcassets; sourceTree = "<group>"; };
		5065C7B024714D1300BC7841 /* Base */ = {isa = PBXFileReference; lastKnownFileType = file.storyboard; name = Base; path = Base.lproj/LaunchScreen.storyboard; sourceTree = "<group>"; };
		5065C7B224714D1300BC7841 /* Info.plist */ = {isa = PBXFileReference; lastKnownFileType = text.plist.xml; path = Info.plist; sourceTree = "<group>"; };
		5065C7B324714D1300BC7841 /* main.m */ = {isa = PBXFileReference; lastKnownFileType = sourcecode.c.objc; path = main.m; sourceTree = "<group>"; };
		5065C7BB24714E9F00BC7841 /* countries.json */ = {isa = PBXFileReference; fileEncoding = 4; lastKnownFileType = text.json; path = countries.json; sourceTree = "<group>"; };
		5065C7BC24714E9F00BC7841 /* airports.json */ = {isa = PBXFileReference; fileEncoding = 4; lastKnownFileType = text.json; path = airports.json; sourceTree = "<group>"; };
		5065C7BD24714EA000BC7841 /* cities.json */ = {isa = PBXFileReference; fileEncoding = 4; lastKnownFileType = text.json; path = cities.json; sourceTree = "<group>"; };
		5065C7C224714F0800BC7841 /* MRAirport.h */ = {isa = PBXFileReference; lastKnownFileType = sourcecode.c.h; path = MRAirport.h; sourceTree = "<group>"; };
		5065C7C324714F0800BC7841 /* MRAirport.m */ = {isa = PBXFileReference; lastKnownFileType = sourcecode.c.objc; path = MRAirport.m; sourceTree = "<group>"; };
		5065C7C524714F2300BC7841 /* MRCountry.h */ = {isa = PBXFileReference; lastKnownFileType = sourcecode.c.h; path = MRCountry.h; sourceTree = "<group>"; };
		5065C7C624714F2300BC7841 /* MRCountry.m */ = {isa = PBXFileReference; lastKnownFileType = sourcecode.c.objc; path = MRCountry.m; sourceTree = "<group>"; };
		5065C7C824714F3600BC7841 /* MRCity.h */ = {isa = PBXFileReference; lastKnownFileType = sourcecode.c.h; path = MRCity.h; sourceTree = "<group>"; };
		5065C7C924714F3600BC7841 /* MRCity.m */ = {isa = PBXFileReference; lastKnownFileType = sourcecode.c.objc; path = MRCity.m; sourceTree = "<group>"; };
		5065C7CB2471535C00BC7841 /* DataManager.h */ = {isa = PBXFileReference; lastKnownFileType = sourcecode.c.h; path = DataManager.h; sourceTree = "<group>"; };
		5065C7CC2471535C00BC7841 /* DataManager.m */ = {isa = PBXFileReference; lastKnownFileType = sourcecode.c.objc; path = DataManager.m; sourceTree = "<group>"; };
		5065C7D124715B3A00BC7841 /* MRCountriesController.h */ = {isa = PBXFileReference; lastKnownFileType = sourcecode.c.h; path = MRCountriesController.h; sourceTree = "<group>"; };
		5065C7D224715B3B00BC7841 /* MRCountriesController.m */ = {isa = PBXFileReference; lastKnownFileType = sourcecode.c.objc; path = MRCountriesController.m; sourceTree = "<group>"; };
		5065C7D42471609700BC7841 /* MRCitiesController.h */ = {isa = PBXFileReference; lastKnownFileType = sourcecode.c.h; path = MRCitiesController.h; sourceTree = "<group>"; };
		5065C7D52471609700BC7841 /* MRCitiesController.m */ = {isa = PBXFileReference; lastKnownFileType = sourcecode.c.objc; path = MRCitiesController.m; sourceTree = "<group>"; };
		506F6C9B24B1F3A100F6E59E /* TransitionAnimator.h */ = {isa = PBXFileReference; lastKnownFileType = sourcecode.c.h; path = TransitionAnimator.h; sourceTree = "<group>"; };
		506F6C9C24B1F3A100F6E59E /* TransitionAnimator.m */ = {isa = PBXFileReference; lastKnownFileType = sourcecode.c.objc; path = TransitionAnimator.m; sourceTree = "<group>"; };
		506F6CC324B33B9800F6E59E /* NotificationDelegate.h */ = {isa = PBXFileReference; lastKnownFileType = sourcecode.c.h; path = NotificationDelegate.h; sourceTree = "<group>"; };
		506F6CC424B33B9800F6E59E /* NotificationDelegate.m */ = {isa = PBXFileReference; lastKnownFileType = sourcecode.c.objc; path = NotificationDelegate.m; sourceTree = "<group>"; };
		5079354C24A8D60900698CA6 /* AirportsController.h */ = {isa = PBXFileReference; lastKnownFileType = sourcecode.c.h; path = AirportsController.h; sourceTree = "<group>"; };
		5079354D24A8D60900698CA6 /* AirportsController.m */ = {isa = PBXFileReference; lastKnownFileType = sourcecode.c.objc; path = AirportsController.m; sourceTree = "<group>"; };
		50BC2EE924A8677B00D23301 /* CoreDataController.h */ = {isa = PBXFileReference; lastKnownFileType = sourcecode.c.h; path = CoreDataController.h; sourceTree = "<group>"; };
		50BC2EEA24A8677B00D23301 /* CoreDataController.m */ = {isa = PBXFileReference; lastKnownFileType = sourcecode.c.objc; path = CoreDataController.m; sourceTree = "<group>"; };
		50BC2F0524A87CF500D23301 /* CoreData.framework */ = {isa = PBXFileReference; lastKnownFileType = wrapper.framework; name = CoreData.framework; path = System/Library/Frameworks/CoreData.framework; sourceTree = SDKROOT; };
		50BC2F3A24A8A38400D23301 /* CountriesController.h */ = {isa = PBXFileReference; lastKnownFileType = sourcecode.c.h; path = CountriesController.h; sourceTree = "<group>"; };
		50BC2F3B24A8A38400D23301 /* CountriesController.m */ = {isa = PBXFileReference; lastKnownFileType = sourcecode.c.objc; path = CountriesController.m; sourceTree = "<group>"; };
		50BC2F3D24A8CA0400D23301 /* CitiesController.h */ = {isa = PBXFileReference; lastKnownFileType = sourcecode.c.h; path = CitiesController.h; sourceTree = "<group>"; };
		50BC2F3E24A8CA0400D23301 /* CitiesController.m */ = {isa = PBXFileReference; lastKnownFileType = sourcecode.c.objc; path = CitiesController.m; sourceTree = "<group>"; };
		50C6A1C92496490E00077691 /* AirportAnnotationView.h */ = {isa = PBXFileReference; lastKnownFileType = sourcecode.c.h; path = AirportAnnotationView.h; sourceTree = "<group>"; };
		50C6A1CA2496490E00077691 /* AirportAnnotationView.m */ = {isa = PBXFileReference; lastKnownFileType = sourcecode.c.objc; path = AirportAnnotationView.m; sourceTree = "<group>"; };
		50CBA76B2471A1EC003FDD90 /* MRAirportsController.h */ = {isa = PBXFileReference; lastKnownFileType = sourcecode.c.h; path = MRAirportsController.h; sourceTree = "<group>"; };
		50CBA76C2471A1EC003FDD90 /* MRAirportsController.m */ = {isa = PBXFileReference; lastKnownFileType = sourcecode.c.objc; path = MRAirportsController.m; sourceTree = "<group>"; };
		50FF263F2491DC47007D6F6E /* MapController.h */ = {isa = PBXFileReference; lastKnownFileType = sourcecode.c.h; path = MapController.h; sourceTree = "<group>"; };
		50FF26402491DC47007D6F6E /* MapController.m */ = {isa = PBXFileReference; lastKnownFileType = sourcecode.c.objc; path = MapController.m; sourceTree = "<group>"; };
		50FF26432497512E007D6F6E /* ResultsCaretaker.h */ = {isa = PBXFileReference; fileEncoding = 4; lastKnownFileType = sourcecode.c.h; path = ResultsCaretaker.h; sourceTree = "<group>"; };
		50FF26442497512E007D6F6E /* ResultsCaretaker.m */ = {isa = PBXFileReference; fileEncoding = 4; lastKnownFileType = sourcecode.c.objc; path = ResultsCaretaker.m; sourceTree = "<group>"; };
		50FFCDD724BAF3FC00AB6451 /* en */ = {isa = PBXFileReference; lastKnownFileType = text.plist.strings; name = en; path = en.lproj/Localizable.strings; sourceTree = "<group>"; };
		50FFCDD924BAF41000AB6451 /* ru */ = {isa = PBXFileReference; lastKnownFileType = text.plist.strings; name = ru; path = ru.lproj/Localizable.strings; sourceTree = "<group>"; };
		50FFCDE124BB1D5600AB6451 /* backup.sqlite */ = {isa = PBXFileReference; lastKnownFileType = file; path = backup.sqlite; sourceTree = "<group>"; };
		50FFCDE224BB1D5600AB6451 /* backup.sqlite-wal */ = {isa = PBXFileReference; lastKnownFileType = file; path = "backup.sqlite-wal"; sourceTree = "<group>"; };
		50FFCDE324BB1D5600AB6451 /* backup.sqlite-shm */ = {isa = PBXFileReference; lastKnownFileType = file; path = "backup.sqlite-shm"; sourceTree = "<group>"; };
		73023F94646ECC99084F91B2 /* Pods-Airtickets.release.xcconfig */ = {isa = PBXFileReference; includeInIndex = 1; lastKnownFileType = text.xcconfig; name = "Pods-Airtickets.release.xcconfig"; path = "Target Support Files/Pods-Airtickets/Pods-Airtickets.release.xcconfig"; sourceTree = "<group>"; };
		8417A5A4EDDB1EF20AE0098B /* Pods_Airtickets.framework */ = {isa = PBXFileReference; explicitFileType = wrapper.framework; includeInIndex = 0; path = Pods_Airtickets.framework; sourceTree = BUILT_PRODUCTS_DIR; };
		CE32765D80E8725FDD6DF9E3 /* Pods-Airtickets.debug.xcconfig */ = {isa = PBXFileReference; includeInIndex = 1; lastKnownFileType = text.xcconfig; name = "Pods-Airtickets.debug.xcconfig"; path = "Target Support Files/Pods-Airtickets/Pods-Airtickets.debug.xcconfig"; sourceTree = "<group>"; };
/* End PBXFileReference section */

/* Begin PBXFrameworksBuildPhase section */
		5065C79B24714D1200BC7841 /* Frameworks */ = {
			isa = PBXFrameworksBuildPhase;
			buildActionMask = 2147483647;
			files = (
				0FE1A03E1145355A1C2E297F /* Pods_Airtickets.framework in Frameworks */,
				50BC2F0624A87CF500D23301 /* CoreData.framework in Frameworks */,
			);
			runOnlyForDeploymentPostprocessing = 0;
		};
/* End PBXFrameworksBuildPhase section */

/* Begin PBXGroup section */
		151D8FDCFCA8F5D736EA6744 /* Frameworks */ = {
			isa = PBXGroup;
			children = (
				50BC2F0524A87CF500D23301 /* CoreData.framework */,
				8417A5A4EDDB1EF20AE0098B /* Pods_Airtickets.framework */,
			);
			name = Frameworks;
			sourceTree = "<group>";
		};
		4FAEFA05D5416ACB14B3DA85 /* Pods */ = {
			isa = PBXGroup;
			children = (
				CE32765D80E8725FDD6DF9E3 /* Pods-Airtickets.debug.xcconfig */,
				73023F94646ECC99084F91B2 /* Pods-Airtickets.release.xcconfig */,
			);
			path = Pods;
			sourceTree = "<group>";
		};
		500C72DB24A0BF0300E47944 /* Flows */ = {
			isa = PBXGroup;
			children = (
				500C72DE24A0BF4C00E47944 /* List */,
				500C72DD24A0BF3C00E47944 /* Map */,
			);
			path = Flows;
			sourceTree = "<group>";
		};
		500C72DC24A0BF1400E47944 /* Core */ = {
			isa = PBXGroup;
			children = (
				5065C7AD24714D1300BC7841 /* Assets.xcassets */,
				5065C7AF24714D1300BC7841 /* LaunchScreen.storyboard */,
				5065C7A124714D1200BC7841 /* AppDelegate.h */,
				5065C7A224714D1200BC7841 /* AppDelegate.m */,
				5065C7A424714D1200BC7841 /* SceneDelegate.h */,
				5065C7A524714D1200BC7841 /* SceneDelegate.m */,
			);
			path = Core;
			sourceTree = "<group>";
		};
		500C72DD24A0BF3C00E47944 /* Map */ = {
			isa = PBXGroup;
			children = (
				50FF263F2491DC47007D6F6E /* MapController.h */,
				50FF26402491DC47007D6F6E /* MapController.m */,
				5041E90D24960800009B9C09 /* AirportCalloutView.h */,
				5041E90E24960800009B9C09 /* AirportCalloutView.m */,
				50C6A1C92496490E00077691 /* AirportAnnotationView.h */,
				50C6A1CA2496490E00077691 /* AirportAnnotationView.m */,
			);
			path = Map;
			sourceTree = "<group>";
		};
		500C72DE24A0BF4C00E47944 /* List */ = {
			isa = PBXGroup;
			children = (
				50CBA76B2471A1EC003FDD90 /* MRAirportsController.h */,
				50CBA76C2471A1EC003FDD90 /* MRAirportsController.m */,
				5065C7D42471609700BC7841 /* MRCitiesController.h */,
				5065C7D52471609700BC7841 /* MRCitiesController.m */,
				5065C7D124715B3A00BC7841 /* MRCountriesController.h */,
				5065C7D224715B3B00BC7841 /* MRCountriesController.m */,
			);
			path = List;
			sourceTree = "<group>";
		};
		5035B1B424A859CD001117FC /* CoreData */ = {
			isa = PBXGroup;
			children = (
				50FFCDE024BB1D5600AB6451 /* Backup */,
				5035B1B124A85930001117FC /* Airtickets.xcdatamodeld */,
				5065C7CB2471535C00BC7841 /* DataManager.h */,
				5065C7CC2471535C00BC7841 /* DataManager.m */,
				50BC2EE924A8677B00D23301 /* CoreDataController.h */,
				50BC2EEA24A8677B00D23301 /* CoreDataController.m */,
				50BC2F3A24A8A38400D23301 /* CountriesController.h */,
				50BC2F3B24A8A38400D23301 /* CountriesController.m */,
				50BC2F3D24A8CA0400D23301 /* CitiesController.h */,
				50BC2F3E24A8CA0400D23301 /* CitiesController.m */,
				5079354C24A8D60900698CA6 /* AirportsController.h */,
				5079354D24A8D60900698CA6 /* AirportsController.m */,
			);
			path = CoreData;
			sourceTree = "<group>";
		};
		5041E9062495073E009B9C09 /* Location */ = {
			isa = PBXGroup;
			children = (
				5041E9072495073E009B9C09 /* LocationService.m */,
				5041E9082495073E009B9C09 /* LocationService.h */,
			);
			path = Location;
			sourceTree = "<group>";
		};
		5065C79524714D1200BC7841 = {
			isa = PBXGroup;
			children = (
				5065C7A024714D1200BC7841 /* Airtickets */,
				5065C79F24714D1200BC7841 /* Products */,
				4FAEFA05D5416ACB14B3DA85 /* Pods */,
				151D8FDCFCA8F5D736EA6744 /* Frameworks */,
			);
			sourceTree = "<group>";
		};
		5065C79F24714D1200BC7841 /* Products */ = {
			isa = PBXGroup;
			children = (
				5065C79E24714D1200BC7841 /* Airtickets.app */,
			);
			name = Products;
			sourceTree = "<group>";
		};
		5065C7A024714D1200BC7841 /* Airtickets */ = {
			isa = PBXGroup;
			children = (
				5035B1B424A859CD001117FC /* CoreData */,
				500C72DC24A0BF1400E47944 /* Core */,
				50FF26422497502E007D6F6E /* Services */,
				5041E9062495073E009B9C09 /* Location */,
				5065C7BA24714E4B00BC7841 /* Data */,
				500C72DB24A0BF0300E47944 /* Flows */,
				5065C7A724714D1200BC7841 /* MainMenuController.h */,
				5065C7A824714D1200BC7841 /* MainMenuController.m */,
				500C72D5249F34E000E47944 /* TabBarController.h */,
				500C72D6249F34E000E47944 /* TabBarController.m */,
				500C72D8249F5F5D00E47944 /* UserSession.h */,
				500C72D9249F5F5D00E47944 /* UserSession.m */,
				5030C6C924A09B0000D6B3E4 /* ViewController.h */,
				5030C6CA24A09B0000D6B3E4 /* ViewController.m */,
				5065C7B224714D1300BC7841 /* Info.plist */,
				5065C7B324714D1300BC7841 /* main.m */,
				50FFCDD824BAF3FC00AB6451 /* Localizable.strings */,
			);
			path = Airtickets;
			sourceTree = "<group>";
		};
		5065C7BA24714E4B00BC7841 /* Data */ = {
			isa = PBXGroup;
			children = (
				5065C7BC24714E9F00BC7841 /* airports.json */,
				5065C7BD24714EA000BC7841 /* cities.json */,
				5065C7BB24714E9F00BC7841 /* countries.json */,
				5065C7C124714ECD00BC7841 /* Models */,
			);
			path = Data;
			sourceTree = "<group>";
		};
		5065C7C124714ECD00BC7841 /* Models */ = {
			isa = PBXGroup;
			children = (
				5065C7C224714F0800BC7841 /* MRAirport.h */,
				5065C7C324714F0800BC7841 /* MRAirport.m */,
				5065C7C824714F3600BC7841 /* MRCity.h */,
				5065C7C924714F3600BC7841 /* MRCity.m */,
				5065C7C524714F2300BC7841 /* MRCountry.h */,
				5065C7C624714F2300BC7841 /* MRCountry.m */,
			);
			path = Models;
			sourceTree = "<group>";
		};
		50FF26422497502E007D6F6E /* Services */ = {
			isa = PBXGroup;
			children = (
				50FF26432497512E007D6F6E /* ResultsCaretaker.h */,
				50FF26442497512E007D6F6E /* ResultsCaretaker.m */,
				506F6C9B24B1F3A100F6E59E /* TransitionAnimator.h */,
				506F6C9C24B1F3A100F6E59E /* TransitionAnimator.m */,
				506F6CC324B33B9800F6E59E /* NotificationDelegate.h */,
				506F6CC424B33B9800F6E59E /* NotificationDelegate.m */,
			);
			path = Services;
			sourceTree = "<group>";
		};
		50FFCDE024BB1D5600AB6451 /* Backup */ = {
			isa = PBXGroup;
			children = (
				50FFCDE124BB1D5600AB6451 /* backup.sqlite */,
				50FFCDE224BB1D5600AB6451 /* backup.sqlite-wal */,
				50FFCDE324BB1D5600AB6451 /* backup.sqlite-shm */,
			);
			path = Backup;
			sourceTree = "<group>";
		};
/* End PBXGroup section */

/* Begin PBXNativeTarget section */
		5065C79D24714D1200BC7841 /* Airtickets */ = {
			isa = PBXNativeTarget;
			buildConfigurationList = 5065C7B724714D1300BC7841 /* Build configuration list for PBXNativeTarget "Airtickets" */;
			buildPhases = (
				5DB40DF1914437464243366C /* [CP] Check Pods Manifest.lock */,
				5065C79B24714D1200BC7841 /* Frameworks */,
				9AE1B83B8351B3698C337D8C /* [CP] Embed Pods Frameworks */,
				5065C79C24714D1200BC7841 /* Resources */,
				5065C79A24714D1200BC7841 /* Sources */,
			);
			buildRules = (
			);
			dependencies = (
			);
			name = Airtickets;
			productName = Airtickets;
			productReference = 5065C79E24714D1200BC7841 /* Airtickets.app */;
			productType = "com.apple.product-type.application";
		};
/* End PBXNativeTarget section */

/* Begin PBXProject section */
		5065C79624714D1200BC7841 /* Project object */ = {
			isa = PBXProject;
			attributes = {
				LastUpgradeCheck = 1130;
				ORGANIZATIONNAME = "Maksim Romanov";
				TargetAttributes = {
					5065C79D24714D1200BC7841 = {
						CreatedOnToolsVersion = 11.3.1;
					};
				};
			};
			buildConfigurationList = 5065C79924714D1200BC7841 /* Build configuration list for PBXProject "Airtickets" */;
			compatibilityVersion = "Xcode 9.3";
			developmentRegion = en;
			hasScannedForEncodings = 0;
			knownRegions = (
				en,
				Base,
				ru,
			);
			mainGroup = 5065C79524714D1200BC7841;
			productRefGroup = 5065C79F24714D1200BC7841 /* Products */;
			projectDirPath = "";
			projectRoot = "";
			targets = (
				5065C79D24714D1200BC7841 /* Airtickets */,
			);
		};
/* End PBXProject section */

/* Begin PBXResourcesBuildPhase section */
		5065C79C24714D1200BC7841 /* Resources */ = {
			isa = PBXResourcesBuildPhase;
			buildActionMask = 2147483647;
			files = (
				50FFCDE524BB1D5600AB6451 /* backup.sqlite-wal in Resources */,
				5065C7BE24714EA000BC7841 /* countries.json in Resources */,
				5065C7C024714EA000BC7841 /* cities.json in Resources */,
				50FFCDD624BAF3FC00AB6451 /* Localizable.strings in Resources */,
				5065C7BF24714EA000BC7841 /* airports.json in Resources */,
				5065C7B124714D1300BC7841 /* LaunchScreen.storyboard in Resources */,
				50FFCDE624BB1D5600AB6451 /* backup.sqlite-shm in Resources */,
				5065C7AE24714D1300BC7841 /* Assets.xcassets in Resources */,
				50FFCDE424BB1D5600AB6451 /* backup.sqlite in Resources */,
			);
			runOnlyForDeploymentPostprocessing = 0;
		};
/* End PBXResourcesBuildPhase section */

/* Begin PBXShellScriptBuildPhase section */
		5DB40DF1914437464243366C /* [CP] Check Pods Manifest.lock */ = {
			isa = PBXShellScriptBuildPhase;
			buildActionMask = 2147483647;
			files = (
			);
			inputFileListPaths = (
			);
			inputPaths = (
				"${PODS_PODFILE_DIR_PATH}/Podfile.lock",
				"${PODS_ROOT}/Manifest.lock",
			);
			name = "[CP] Check Pods Manifest.lock";
			outputFileListPaths = (
			);
			outputPaths = (
				"$(DERIVED_FILE_DIR)/Pods-Airtickets-checkManifestLockResult.txt",
			);
			runOnlyForDeploymentPostprocessing = 0;
			shellPath = /bin/sh;
			shellScript = "diff \"${PODS_PODFILE_DIR_PATH}/Podfile.lock\" \"${PODS_ROOT}/Manifest.lock\" > /dev/null\nif [ $? != 0 ] ; then\n    # print error to STDERR\n    echo \"error: The sandbox is not in sync with the Podfile.lock. Run 'pod install' or update your CocoaPods installation.\" >&2\n    exit 1\nfi\n# This output is used by Xcode 'outputs' to avoid re-running this script phase.\necho \"SUCCESS\" > \"${SCRIPT_OUTPUT_FILE_0}\"\n";
			showEnvVarsInLog = 0;
		};
		9AE1B83B8351B3698C337D8C /* [CP] Embed Pods Frameworks */ = {
			isa = PBXShellScriptBuildPhase;
			buildActionMask = 2147483647;
			files = (
			);
			inputFileListPaths = (
				"${PODS_ROOT}/Target Support Files/Pods-Airtickets/Pods-Airtickets-frameworks-${CONFIGURATION}-input-files.xcfilelist",
			);
			name = "[CP] Embed Pods Frameworks";
			outputFileListPaths = (
				"${PODS_ROOT}/Target Support Files/Pods-Airtickets/Pods-Airtickets-frameworks-${CONFIGURATION}-output-files.xcfilelist",
			);
			runOnlyForDeploymentPostprocessing = 0;
			shellPath = /bin/sh;
			shellScript = "\"${PODS_ROOT}/Target Support Files/Pods-Airtickets/Pods-Airtickets-frameworks.sh\"\n";
			showEnvVarsInLog = 0;
		};
/* End PBXShellScriptBuildPhase section */

/* Begin PBXSourcesBuildPhase section */
		5065C79A24714D1200BC7841 /* Sources */ = {
			isa = PBXSourcesBuildPhase;
			buildActionMask = 2147483647;
			files = (
				5079354F24A9839400698CA6 /* Airtickets.xcdatamodeld in Sources */,
				5065C7A924714D1200BC7841 /* MainMenuController.m in Sources */,
				50FF26452497512E007D6F6E /* ResultsCaretaker.m in Sources */,
				5041E90F24960800009B9C09 /* AirportCalloutView.m in Sources */,
				5065C7D324715B3B00BC7841 /* MRCountriesController.m in Sources */,
				50BC2F3F24A8CA0400D23301 /* CitiesController.m in Sources */,
				5065C7C424714F0800BC7841 /* MRAirport.m in Sources */,
				5065C7A324714D1200BC7841 /* AppDelegate.m in Sources */,
				50FF26412491DC47007D6F6E /* MapController.m in Sources */,
				500C72DA249F5F5D00E47944 /* UserSession.m in Sources */,
				5030C6CB24A09B0000D6B3E4 /* ViewController.m in Sources */,
				5065C7D62471609700BC7841 /* MRCitiesController.m in Sources */,
				506F6C9D24B1F3A100F6E59E /* TransitionAnimator.m in Sources */,
				5065C7B424714D1300BC7841 /* main.m in Sources */,
				5041E9092495073E009B9C09 /* LocationService.m in Sources */,
				5065C7C724714F2300BC7841 /* MRCountry.m in Sources */,
				5065C7CD2471535C00BC7841 /* DataManager.m in Sources */,
				50BC2F3C24A8A38400D23301 /* CountriesController.m in Sources */,
				5065C7CA24714F3600BC7841 /* MRCity.m in Sources */,
				50CBA76D2471A1EC003FDD90 /* MRAirportsController.m in Sources */,
				50BC2EEB24A8677B00D23301 /* CoreDataController.m in Sources */,
				500C72D7249F34E000E47944 /* TabBarController.m in Sources */,
				5079354E24A8D60900698CA6 /* AirportsController.m in Sources */,
				506F6CC524B33B9800F6E59E /* NotificationDelegate.m in Sources */,
				5065C7A624714D1200BC7841 /* SceneDelegate.m in Sources */,
				50C6A1CB2496490E00077691 /* AirportAnnotationView.m in Sources */,
			);
			runOnlyForDeploymentPostprocessing = 0;
		};
/* End PBXSourcesBuildPhase section */

/* Begin PBXVariantGroup section */
		5065C7AF24714D1300BC7841 /* LaunchScreen.storyboard */ = {
			isa = PBXVariantGroup;
			children = (
				5065C7B024714D1300BC7841 /* Base */,
			);
			name = LaunchScreen.storyboard;
			sourceTree = "<group>";
		};
		50FFCDD824BAF3FC00AB6451 /* Localizable.strings */ = {
			isa = PBXVariantGroup;
			children = (
				50FFCDD724BAF3FC00AB6451 /* en */,
				50FFCDD924BAF41000AB6451 /* ru */,
			);
			name = Localizable.strings;
			sourceTree = "<group>";
		};
/* End PBXVariantGroup section */

/* Begin XCBuildConfiguration section */
		5065C7B524714D1300BC7841 /* Debug */ = {
			isa = XCBuildConfiguration;
			buildSettings = {
				ALWAYS_SEARCH_USER_PATHS = NO;
				CLANG_ANALYZER_LOCALIZABILITY_NONLOCALIZED = YES;
				CLANG_ANALYZER_NONNULL = YES;
				CLANG_ANALYZER_NUMBER_OBJECT_CONVERSION = YES_AGGRESSIVE;
				CLANG_CXX_LANGUAGE_STANDARD = "gnu++14";
				CLANG_CXX_LIBRARY = "libc++";
				CLANG_ENABLE_MODULES = YES;
				CLANG_ENABLE_OBJC_ARC = YES;
				CLANG_ENABLE_OBJC_WEAK = YES;
				CLANG_WARN_BLOCK_CAPTURE_AUTORELEASING = YES;
				CLANG_WARN_BOOL_CONVERSION = YES;
				CLANG_WARN_COMMA = YES;
				CLANG_WARN_CONSTANT_CONVERSION = YES;
				CLANG_WARN_DEPRECATED_OBJC_IMPLEMENTATIONS = YES;
				CLANG_WARN_DIRECT_OBJC_ISA_USAGE = YES_ERROR;
				CLANG_WARN_DOCUMENTATION_COMMENTS = YES;
				CLANG_WARN_EMPTY_BODY = YES;
				CLANG_WARN_ENUM_CONVERSION = YES;
				CLANG_WARN_INFINITE_RECURSION = YES;
				CLANG_WARN_INT_CONVERSION = YES;
				CLANG_WARN_NON_LITERAL_NULL_CONVERSION = YES;
				CLANG_WARN_OBJC_IMPLICIT_RETAIN_SELF = YES;
				CLANG_WARN_OBJC_LITERAL_CONVERSION = YES;
				CLANG_WARN_OBJC_ROOT_CLASS = YES_ERROR;
				CLANG_WARN_RANGE_LOOP_ANALYSIS = YES;
				CLANG_WARN_STRICT_PROTOTYPES = YES;
				CLANG_WARN_SUSPICIOUS_MOVE = YES;
				CLANG_WARN_UNGUARDED_AVAILABILITY = YES_AGGRESSIVE;
				CLANG_WARN_UNREACHABLE_CODE = YES;
				CLANG_WARN__DUPLICATE_METHOD_MATCH = YES;
				COPY_PHASE_STRIP = NO;
				DEBUG_INFORMATION_FORMAT = dwarf;
				ENABLE_STRICT_OBJC_MSGSEND = YES;
				ENABLE_TESTABILITY = YES;
				GCC_C_LANGUAGE_STANDARD = gnu11;
				GCC_DYNAMIC_NO_PIC = NO;
				GCC_NO_COMMON_BLOCKS = YES;
				GCC_OPTIMIZATION_LEVEL = 0;
				GCC_PREPROCESSOR_DEFINITIONS = (
					"DEBUG=1",
					"$(inherited)",
				);
				GCC_WARN_64_TO_32_BIT_CONVERSION = YES;
				GCC_WARN_ABOUT_RETURN_TYPE = YES_ERROR;
				GCC_WARN_UNDECLARED_SELECTOR = YES;
				GCC_WARN_UNINITIALIZED_AUTOS = YES_AGGRESSIVE;
				GCC_WARN_UNUSED_FUNCTION = YES;
				GCC_WARN_UNUSED_VARIABLE = YES;
				IPHONEOS_DEPLOYMENT_TARGET = 13.2;
				MTL_ENABLE_DEBUG_INFO = INCLUDE_SOURCE;
				MTL_FAST_MATH = YES;
				ONLY_ACTIVE_ARCH = YES;
				SDKROOT = iphoneos;
			};
			name = Debug;
		};
		5065C7B624714D1300BC7841 /* Release */ = {
			isa = XCBuildConfiguration;
			buildSettings = {
				ALWAYS_SEARCH_USER_PATHS = NO;
				CLANG_ANALYZER_LOCALIZABILITY_NONLOCALIZED = YES;
				CLANG_ANALYZER_NONNULL = YES;
				CLANG_ANALYZER_NUMBER_OBJECT_CONVERSION = YES_AGGRESSIVE;
				CLANG_CXX_LANGUAGE_STANDARD = "gnu++14";
				CLANG_CXX_LIBRARY = "libc++";
				CLANG_ENABLE_MODULES = YES;
				CLANG_ENABLE_OBJC_ARC = YES;
				CLANG_ENABLE_OBJC_WEAK = YES;
				CLANG_WARN_BLOCK_CAPTURE_AUTORELEASING = YES;
				CLANG_WARN_BOOL_CONVERSION = YES;
				CLANG_WARN_COMMA = YES;
				CLANG_WARN_CONSTANT_CONVERSION = YES;
				CLANG_WARN_DEPRECATED_OBJC_IMPLEMENTATIONS = YES;
				CLANG_WARN_DIRECT_OBJC_ISA_USAGE = YES_ERROR;
				CLANG_WARN_DOCUMENTATION_COMMENTS = YES;
				CLANG_WARN_EMPTY_BODY = YES;
				CLANG_WARN_ENUM_CONVERSION = YES;
				CLANG_WARN_INFINITE_RECURSION = YES;
				CLANG_WARN_INT_CONVERSION = YES;
				CLANG_WARN_NON_LITERAL_NULL_CONVERSION = YES;
				CLANG_WARN_OBJC_IMPLICIT_RETAIN_SELF = YES;
				CLANG_WARN_OBJC_LITERAL_CONVERSION = YES;
				CLANG_WARN_OBJC_ROOT_CLASS = YES_ERROR;
				CLANG_WARN_RANGE_LOOP_ANALYSIS = YES;
				CLANG_WARN_STRICT_PROTOTYPES = YES;
				CLANG_WARN_SUSPICIOUS_MOVE = YES;
				CLANG_WARN_UNGUARDED_AVAILABILITY = YES_AGGRESSIVE;
				CLANG_WARN_UNREACHABLE_CODE = YES;
				CLANG_WARN__DUPLICATE_METHOD_MATCH = YES;
				COPY_PHASE_STRIP = NO;
				DEBUG_INFORMATION_FORMAT = "dwarf-with-dsym";
				ENABLE_NS_ASSERTIONS = NO;
				ENABLE_STRICT_OBJC_MSGSEND = YES;
				GCC_C_LANGUAGE_STANDARD = gnu11;
				GCC_NO_COMMON_BLOCKS = YES;
				GCC_WARN_64_TO_32_BIT_CONVERSION = YES;
				GCC_WARN_ABOUT_RETURN_TYPE = YES_ERROR;
				GCC_WARN_UNDECLARED_SELECTOR = YES;
				GCC_WARN_UNINITIALIZED_AUTOS = YES_AGGRESSIVE;
				GCC_WARN_UNUSED_FUNCTION = YES;
				GCC_WARN_UNUSED_VARIABLE = YES;
				IPHONEOS_DEPLOYMENT_TARGET = 13.2;
				MTL_ENABLE_DEBUG_INFO = NO;
				MTL_FAST_MATH = YES;
				SDKROOT = iphoneos;
				VALIDATE_PRODUCT = YES;
			};
			name = Release;
		};
		5065C7B824714D1300BC7841 /* Debug */ = {
			isa = XCBuildConfiguration;
			baseConfigurationReference = CE32765D80E8725FDD6DF9E3 /* Pods-Airtickets.debug.xcconfig */;
			buildSettings = {
				ASSETCATALOG_COMPILER_APPICON_NAME = AppIcon;
				CODE_SIGN_STYLE = Automatic;
				DEVELOPMENT_TEAM = CYRJ8GPB6C;
				INFOPLIST_FILE = Airtickets/Info.plist;
				LD_RUNPATH_SEARCH_PATHS = (
					"$(inherited)",
					"@executable_path/Frameworks",
				);
				PRODUCT_BUNDLE_IDENTIFIER = MR.AirticketsApp;
				PRODUCT_NAME = "$(TARGET_NAME)";
				TARGETED_DEVICE_FAMILY = "1,2";
			};
			name = Debug;
		};
		5065C7B924714D1300BC7841 /* Release */ = {
			isa = XCBuildConfiguration;
			baseConfigurationReference = 73023F94646ECC99084F91B2 /* Pods-Airtickets.release.xcconfig */;
			buildSettings = {
				ASSETCATALOG_COMPILER_APPICON_NAME = AppIcon;
				CODE_SIGN_STYLE = Automatic;
				DEVELOPMENT_TEAM = CYRJ8GPB6C;
				INFOPLIST_FILE = Airtickets/Info.plist;
				LD_RUNPATH_SEARCH_PATHS = (
					"$(inherited)",
					"@executable_path/Frameworks",
				);
				PRODUCT_BUNDLE_IDENTIFIER = MR.AirticketsApp;
				PRODUCT_NAME = "$(TARGET_NAME)";
				TARGETED_DEVICE_FAMILY = "1,2";
			};
			name = Release;
		};
/* End XCBuildConfiguration section */

/* Begin XCConfigurationList section */
		5065C79924714D1200BC7841 /* Build configuration list for PBXProject "Airtickets" */ = {
			isa = XCConfigurationList;
			buildConfigurations = (
				5065C7B524714D1300BC7841 /* Debug */,
				5065C7B624714D1300BC7841 /* Release */,
			);
			defaultConfigurationIsVisible = 0;
			defaultConfigurationName = Release;
		};
		5065C7B724714D1300BC7841 /* Build configuration list for PBXNativeTarget "Airtickets" */ = {
			isa = XCConfigurationList;
			buildConfigurations = (
				5065C7B824714D1300BC7841 /* Debug */,
				5065C7B924714D1300BC7841 /* Release */,
			);
			defaultConfigurationIsVisible = 0;
			defaultConfigurationName = Release;
		};
/* End XCConfigurationList section */

/* Begin XCVersionGroup section */
		5035B1B124A85930001117FC /* Airtickets.xcdatamodeld */ = {
			isa = XCVersionGroup;
			children = (
				5035B1B224A85930001117FC /* Airtickets.xcdatamodel */,
			);
			currentVersion = 5035B1B224A85930001117FC /* Airtickets.xcdatamodel */;
			path = Airtickets.xcdatamodeld;
			sourceTree = "<group>";
			versionGroupType = wrapper.xcdatamodel;
		};
/* End XCVersionGroup section */
	};
	rootObject = 5065C79624714D1200BC7841 /* Project object */;
}
